Microsoft Visual Studio Solution File, Format Version 12.00
# Visual Studio Version 17
VisualStudioVersion = 17.13.35919.96
MinimumVisualStudioVersion = 10.0.40219.1
Project("{FAE04EC0-301F-11D3-BF4B-00C04F79EFBC}") = "NullObjectDemo", "NullObjectDemo.csproj", "{BE4FAB61-909C-4088-A455-F7E38E3FA0D7}"
EndProject
Global
	GlobalSection(SolutionConfigurationPlatforms) = preSolution
		Debug|Any CPU = Debug|Any CPU
		Release|Any CPU = Release|Any CPU
	EndGlobalSection
	GlobalSection(ProjectConfigurationPlatforms) = postSolution
		{BE4FAB61-909C-4088-A455-F7E38E3FA0D7}.Debug|Any CPU.ActiveCfg = Debug|Any CPU
		{BE4FAB61-909C-4088-A455-F7E38E3FA0D7}.Debug|Any CPU.Build.0 = Debug|Any CPU
		{BE4FAB61-909C-4088-A455-F7E38E3FA0D7}.Release|Any CPU.ActiveCfg = Release|Any CPU
		{BE4FAB61-909C-4088-A455-F7E38E3FA0D7}.Release|Any CPU.Build.0 = Release|Any CPU
	EndGlobalSection
	GlobalSection(SolutionProperties) = preSolution
		HideSolutionNode = FALSE
	EndGlobalSection
	GlobalSection(ExtensibilityGlobals) = postSolution
		SolutionGuid = {E34AE8CE-7984-438E-ACD0-74AFA78EC0E6}
	EndGlobalSection
EndGlobal
